
Microsoft Visual Studio Solution File, Format Version 12.00
# Visual Studio Version 16
VisualStudioVersion = 16.0.29920.165
MinimumVisualStudioVersion = 10.0.40219.1
Project("{FAE04EC0-301F-11D3-BF4B-00C04F79EFBC}") = "Abstraction", "Abstraction\Abstraction.csproj", "{502587DD-F2FA-4974-B159-176448163C7B}"
EndProject
Global
	GlobalSection(SolutionConfigurationPlatforms) = preSolution
		Debug|Any CPU = Debug|Any CPU
		Release|Any CPU = Release|Any CPU
	EndGlobalSection
	GlobalSection(ProjectConfigurationPlatforms) = postSolution
		{502587DD-F2FA-4974-B159-176448163C7B}.Debug|Any CPU.ActiveCfg = Debug|Any CPU
		{502587DD-F2FA-4974-B159-176448163C7B}.Debug|Any CPU.Build.0 = Debug|Any CPU
		{502587DD-F2FA-4974-B159-176448163C7B}.Release|Any CPU.ActiveCfg = Release|Any CPU
		{502587DD-F2FA-4974-B159-176448163C7B}.Release|Any CPU.Build.0 = Release|Any CPU
	EndGlobalSection
	GlobalSection(SolutionProperties) = preSolution
		HideSolutionNode = FALSE
	EndGlobalSection
	GlobalSection(ExtensibilityGlobals) = postSolution
		SolutionGuid = {08442F28-2471-45E7-8962-AAA0E663948A}
	EndGlobalSection
EndGlobal
